
Microsoft Visual Studio Solution File, Format Version 12.00
# Visual Studio Version 16
VisualStudioVersion = 16.0.30711.63
MinimumVisualStudioVersion = 10.0.40219.1
Project("{8BC9CEB8-8B4A-11D0-8D11-00A0C91BC942}") = "ConsoleApplication27", "ConsoleApplication27\ConsoleApplication27.vcxproj", "{176809AE-3611-4F8A-A9D9-5D036277BC1C}"
EndProject
Global
	GlobalSection(SolutionConfigurationPlatforms) = preSolution
		Debug|x64 = Debug|x64
		Debug|x86 = Debug|x86
		Release|x64 = Release|x64
		Release|x86 = Release|x86
	EndGlobalSection
	GlobalSection(ProjectConfigurationPlatforms) = postSolution
		{176809AE-3611-4F8A-A9D9-5D036277BC1C}.Debug|x64.ActiveCfg = Debug|x64
		{176809AE-3611-4F8A-A9D9-5D036277BC1C}.Debug|x64.Build.0 = Debug|x64
		{176809AE-3611-4F8A-A9D9-5D036277BC1C}.Debug|x86.ActiveCfg = Debug|Win32
		{176809AE-3611-4F8A-A9D9-5D036277BC1C}.Debug|x86.Build.0 = Debug|Win32
		{176809AE-3611-4F8A-A9D9-5D036277BC1C}.Release|x64.ActiveCfg = Release|x64
		{176809AE-3611-4F8A-A9D9-5D036277BC1C}.Release|x64.Build.0 = Release|x64
		{176809AE-3611-4F8A-A9D9-5D036277BC1C}.Release|x86.ActiveCfg = Release|Win32
		{176809AE-3611-4F8A-A9D9-5D036277BC1C}.Release|x86.Build.0 = Release|Win32
	EndGlobalSection
	GlobalSection(SolutionProperties) = preSolution
		HideSolutionNode = FALSE
	EndGlobalSection
	GlobalSection(ExtensibilityGlobals) = postSolution
		SolutionGuid = {511F390C-3C94-4E37-A0DC-946C16B1AFC1}
	EndGlobalSection
EndGlobal
